// !$*UTF8*$!
{
	archiveVersion = 1;
	classes = {
	};
	objectVersion = 51;
	objects = {

/* Begin PBXBuildFile section */
		04AF36DF871F46BA8A4F6DD2 /* Todo.swift in Sources */ = {isa = PBXBuildFile; fileRef = B858E7E71D784A9EA3DC4ED1 /* Todo.swift */; };
		4549EB775AB54221B2E5BCF3 /* Todo+Schema.swift in Sources */ = {isa = PBXBuildFile; fileRef = 825DAAD59551439393EF0AEF /* Todo+Schema.swift */; };
		47E22E329454459593B1BAEF /* AmplifyModels.swift in Sources */ = {isa = PBXBuildFile; fileRef = 780DA88B47F549D7ACDA4541 /* AmplifyModels.swift */; };
		67E8F23E0DCA455ABC357FAA /* amplifyconfiguration.json in Resources */ = {isa = PBXBuildFile; fileRef = 6AD19C0CE432476A8D961DB1 /* amplifyconfiguration.json */; };
		B03D18BBD32644FCB473BC22 /* awsconfiguration.json in Resources */ = {isa = PBXBuildFile; fileRef = 25224A2F5CA9474F9B774C02 /* awsconfiguration.json */; };
		B93D0FD8246F653D00796879 /* TodoViewModel.swift in Sources */ = {isa = PBXBuildFile; fileRef = B93D0FD7246F653D00796879 /* TodoViewModel.swift */; };
		B93D0FDB246F9F0300796879 /* DataLoader.swift in Sources */ = {isa = PBXBuildFile; fileRef = B93D0FDA246F9F0300796879 /* DataLoader.swift */; };
		B9D3F0E8246DFAED0039F662 /* AppDelegate.swift in Sources */ = {isa = PBXBuildFile; fileRef = B9D3F0E7246DFAED0039F662 /* AppDelegate.swift */; };
		B9D3F0EA246DFAED0039F662 /* SceneDelegate.swift in Sources */ = {isa = PBXBuildFile; fileRef = B9D3F0E9246DFAED0039F662 /* SceneDelegate.swift */; };
		B9D3F0EE246DFAEE0039F662 /* Assets.xcassets in Resources */ = {isa = PBXBuildFile; fileRef = B9D3F0ED246DFAEE0039F662 /* Assets.xcassets */; };
		B9D3F0F1246DFAEE0039F662 /* Preview Assets.xcassets in Resources */ = {isa = PBXBuildFile; fileRef = B9D3F0F0246DFAEE0039F662 /* Preview Assets.xcassets */; };
		B9D3F0F4246DFAEF0039F662 /* LaunchScreen.storyboard in Resources */ = {isa = PBXBuildFile; fileRef = B9D3F0F2246DFAEF0039F662 /* LaunchScreen.storyboard */; };
		B9D3F101246E4B2E0039F662 /* AppState.swift in Sources */ = {isa = PBXBuildFile; fileRef = B9D3F100246E4B2E0039F662 /* AppState.swift */; };
		B9D3F103246E4C440039F662 /* TodoListView.swift in Sources */ = {isa = PBXBuildFile; fileRef = B9D3F102246E4C440039F662 /* TodoListView.swift */; };
		B9DBBD57246E6FCA002A5571 /* TodoItemView.swift in Sources */ = {isa = PBXBuildFile; fileRef = B9DBBD56246E6FCA002A5571 /* TodoItemView.swift */; };
		B9DBBD59246E8B2C002A5571 /* TodoEditView.swift in Sources */ = {isa = PBXBuildFile; fileRef = B9DBBD58246E8B2C002A5571 /* TodoEditView.swift */; };
		B9DBBD5B246EA7C8002A5571 /* Priority+Label.swift in Sources */ = {isa = PBXBuildFile; fileRef = B9DBBD5A246EA7C8002A5571 /* Priority+Label.swift */; };
		C020556265C54E748EFD6FCD /* Priority.swift in Sources */ = {isa = PBXBuildFile; fileRef = 0C732A8F91D44720A8E252E1 /* Priority.swift */; };
		D8BCAEACA0FB6E82E665577E /* Pods_TodoAmplify.framework in Frameworks */ = {isa = PBXBuildFile; fileRef = EA718BC6909C32F787A7DE51 /* Pods_TodoAmplify.framework */; };
/* End PBXBuildFile section */

/* Begin PBXFileReference section */
		00BB18A32DED4A7B948A7804 /* amplifytools.xcconfig */ = {isa = PBXFileReference; explicitFileType = undefined; fileEncoding = 4; includeInIndex = 0; lastKnownFileType = text.xcconfig; name = amplifytools.xcconfig; path = ./amplifytools.xcconfig; sourceTree = "<group>"; };
		0C732A8F91D44720A8E252E1 /* Priority.swift */ = {isa = PBXFileReference; explicitFileType = undefined; fileEncoding = 4; includeInIndex = 0; lastKnownFileType = sourcecode.swift; name = Priority.swift; path = amplify/generated/models/Priority.swift; sourceTree = "<group>"; };
		25224A2F5CA9474F9B774C02 /* awsconfiguration.json */ = {isa = PBXFileReference; explicitFileType = undefined; fileEncoding = 9; includeInIndex = 0; lastKnownFileType = unknown; path = awsconfiguration.json; sourceTree = "<group>"; };
		3B0A2681D34B2482FEA7ECBD /* Pods-TodoAmplify.release.xcconfig */ = {isa = PBXFileReference; includeInIndex = 1; lastKnownFileType = text.xcconfig; name = "Pods-TodoAmplify.release.xcconfig"; path = "Target Support Files/Pods-TodoAmplify/Pods-TodoAmplify.release.xcconfig"; sourceTree = "<group>"; };
		4702CC5A04694CBF963E2C42 /* Pods-TodoAmplify.debug.xcconfig */ = {isa = PBXFileReference; includeInIndex = 1; lastKnownFileType = text.xcconfig; name = "Pods-TodoAmplify.debug.xcconfig"; path = "Target Support Files/Pods-TodoAmplify/Pods-TodoAmplify.debug.xcconfig"; sourceTree = "<group>"; };
		6AD19C0CE432476A8D961DB1 /* amplifyconfiguration.json */ = {isa = PBXFileReference; explicitFileType = undefined; fileEncoding = 9; includeInIndex = 0; lastKnownFileType = unknown; path = amplifyconfiguration.json; sourceTree = "<group>"; };
		780DA88B47F549D7ACDA4541 /* AmplifyModels.swift */ = {isa = PBXFileReference; explicitFileType = undefined; fileEncoding = 4; includeInIndex = 0; lastKnownFileType = sourcecode.swift; name = AmplifyModels.swift; path = amplify/generated/models/AmplifyModels.swift; sourceTree = "<group>"; };
		825DAAD59551439393EF0AEF /* Todo+Schema.swift */ = {isa = PBXFileReference; explicitFileType = undefined; fileEncoding = 4; includeInIndex = 0; lastKnownFileType = sourcecode.swift; name = "Todo+Schema.swift"; path = "amplify/generated/models/Todo+Schema.swift"; sourceTree = "<group>"; };
		8DF93209F53349E0A61B57EE /* schema.graphql */ = {isa = PBXFileReference; explicitFileType = undefined; fileEncoding = 4; includeInIndex = 0; lastKnownFileType = text; name = schema.graphql; path = amplify/backend/api/amplifyDatasource/schema.graphql; sourceTree = "<group>"; };
		B858E7E71D784A9EA3DC4ED1 /* Todo.swift */ = {isa = PBXFileReference; explicitFileType = undefined; fileEncoding = 4; includeInIndex = 0; lastKnownFileType = sourcecode.swift; name = Todo.swift; path = amplify/generated/models/Todo.swift; sourceTree = "<group>"; };
		B93D0FD7246F653D00796879 /* TodoViewModel.swift */ = {isa = PBXFileReference; lastKnownFileType = sourcecode.swift; path = TodoViewModel.swift; sourceTree = "<group>"; };
		B93D0FDA246F9F0300796879 /* DataLoader.swift */ = {isa = PBXFileReference; lastKnownFileType = sourcecode.swift; path = DataLoader.swift; sourceTree = "<group>"; };
		B9D3F0E4246DFAED0039F662 /* TodoAmplify.app */ = {isa = PBXFileReference; explicitFileType = wrapper.application; includeInIndex = 0; path = TodoAmplify.app; sourceTree = BUILT_PRODUCTS_DIR; };
		B9D3F0E7246DFAED0039F662 /* AppDelegate.swift */ = {isa = PBXFileReference; lastKnownFileType = sourcecode.swift; path = AppDelegate.swift; sourceTree = "<group>"; };
		B9D3F0E9246DFAED0039F662 /* SceneDelegate.swift */ = {isa = PBXFileReference; lastKnownFileType = sourcecode.swift; path = SceneDelegate.swift; sourceTree = "<group>"; };
		B9D3F0ED246DFAEE0039F662 /* Assets.xcassets */ = {isa = PBXFileReference; lastKnownFileType = folder.assetcatalog; path = Assets.xcassets; sourceTree = "<group>"; };
		B9D3F0F0246DFAEE0039F662 /* Preview Assets.xcassets */ = {isa = PBXFileReference; lastKnownFileType = folder.assetcatalog; path = "Preview Assets.xcassets"; sourceTree = "<group>"; };
		B9D3F0F3246DFAEF0039F662 /* Base */ = {isa = PBXFileReference; lastKnownFileType = file.storyboard; name = Base; path = Base.lproj/LaunchScreen.storyboard; sourceTree = "<group>"; };
		B9D3F0F5246DFAEF0039F662 /* Info.plist */ = {isa = PBXFileReference; lastKnownFileType = text.plist.xml; path = Info.plist; sourceTree = "<group>"; };
		B9D3F100246E4B2E0039F662 /* AppState.swift */ = {isa = PBXFileReference; lastKnownFileType = sourcecode.swift; path = AppState.swift; sourceTree = "<group>"; };
		B9D3F102246E4C440039F662 /* TodoListView.swift */ = {isa = PBXFileReference; lastKnownFileType = sourcecode.swift; path = TodoListView.swift; sourceTree = "<group>"; };
		B9DBBD56246E6FCA002A5571 /* TodoItemView.swift */ = {isa = PBXFileReference; lastKnownFileType = sourcecode.swift; path = TodoItemView.swift; sourceTree = "<group>"; };
		B9DBBD58246E8B2C002A5571 /* TodoEditView.swift */ = {isa = PBXFileReference; lastKnownFileType = sourcecode.swift; path = TodoEditView.swift; sourceTree = "<group>"; };
		B9DBBD5A246EA7C8002A5571 /* Priority+Label.swift */ = {isa = PBXFileReference; lastKnownFileType = sourcecode.swift; path = "Priority+Label.swift"; sourceTree = "<group>"; };
		EA718BC6909C32F787A7DE51 /* Pods_TodoAmplify.framework */ = {isa = PBXFileReference; explicitFileType = wrapper.framework; includeInIndex = 0; path = Pods_TodoAmplify.framework; sourceTree = BUILT_PRODUCTS_DIR; };
/* End PBXFileReference section */

/* Begin PBXFrameworksBuildPhase section */
		B9D3F0E1246DFAEC0039F662 /* Frameworks */ = {
			isa = PBXFrameworksBuildPhase;
			buildActionMask = 2147483647;
			files = (
				D8BCAEACA0FB6E82E665577E /* Pods_TodoAmplify.framework in Frameworks */,
			);
			runOnlyForDeploymentPostprocessing = 0;
		};
/* End PBXFrameworksBuildPhase section */

/* Begin PBXGroup section */
		071B3F1F8311A0708DBD9FDA /* Pods */ = {
			isa = PBXGroup;
			children = (
				4702CC5A04694CBF963E2C42 /* Pods-TodoAmplify.debug.xcconfig */,
				3B0A2681D34B2482FEA7ECBD /* Pods-TodoAmplify.release.xcconfig */,
			);
			path = Pods;
			sourceTree = "<group>";
		};
		526B4FF72FDE4467919B2F69 /* AmplifyConfig */ = {
			isa = PBXGroup;
			children = (
				00BB18A32DED4A7B948A7804 /* amplifytools.xcconfig */,
				6AD19C0CE432476A8D961DB1 /* amplifyconfiguration.json */,
				25224A2F5CA9474F9B774C02 /* awsconfiguration.json */,
				8DF93209F53349E0A61B57EE /* schema.graphql */,
			);
			name = AmplifyConfig;
			path = .;
			sourceTree = "<group>";
		};
		88F78A8A57A345AEB739A727 /* AmplifyModels */ = {
			isa = PBXGroup;
			children = (
				780DA88B47F549D7ACDA4541 /* AmplifyModels.swift */,
				0C732A8F91D44720A8E252E1 /* Priority.swift */,
				B858E7E71D784A9EA3DC4ED1 /* Todo.swift */,
				825DAAD59551439393EF0AEF /* Todo+Schema.swift */,
			);
			name = AmplifyModels;
			path = .;
			sourceTree = "<group>";
		};
		B93D0FD9246F9E3300796879 /* Data */ = {
			isa = PBXGroup;
			children = (
				B93D0FDA246F9F0300796879 /* DataLoader.swift */,
			);
			path = Data;
			sourceTree = "<group>";
		};
		B9D3F0DB246DFAEC0039F662 = {
			isa = PBXGroup;
			children = (
				88F78A8A57A345AEB739A727 /* AmplifyModels */,
				526B4FF72FDE4467919B2F69 /* AmplifyConfig */,
				B9D3F0E6246DFAED0039F662 /* TodoAmplify */,
				B9D3F0E5246DFAED0039F662 /* Products */,
				071B3F1F8311A0708DBD9FDA /* Pods */,
				C75D9DD619924577D999ABB5 /* Frameworks */,
			);
			sourceTree = "<group>";
		};
		B9D3F0E5246DFAED0039F662 /* Products */ = {
			isa = PBXGroup;
			children = (
				B9D3F0E4246DFAED0039F662 /* TodoAmplify.app */,
			);
			name = Products;
			sourceTree = "<group>";
		};
		B9D3F0E6246DFAED0039F662 /* TodoAmplify */ = {
			isa = PBXGroup;
			children = (
				B9D3F0F5246DFAEF0039F662 /* Info.plist */,
				B9D3F0E7246DFAED0039F662 /* AppDelegate.swift */,
				B9D3F0E9246DFAED0039F662 /* SceneDelegate.swift */,
				B9D3F0ED246DFAEE0039F662 /* Assets.xcassets */,
				B9D3F0F2246DFAEF0039F662 /* LaunchScreen.storyboard */,
				B93D0FD9246F9E3300796879 /* Data */,
				B9D3F0EF246DFAEE0039F662 /* Preview Content */,
				B9D3F0FF246E4B0F0039F662 /* State */,
				B9D3F0FE246E4A180039F662 /* Views */,
			);
			path = TodoAmplify;
			sourceTree = "<group>";
		};
		B9D3F0EF246DFAEE0039F662 /* Preview Content */ = {
			isa = PBXGroup;
			children = (
				B9D3F0F0246DFAEE0039F662 /* Preview Assets.xcassets */,
			);
			path = "Preview Content";
			sourceTree = "<group>";
		};
		B9D3F0FE246E4A180039F662 /* Views */ = {
			isa = PBXGroup;
			children = (
				B9DBBD58246E8B2C002A5571 /* TodoEditView.swift */,
				B9DBBD56246E6FCA002A5571 /* TodoItemView.swift */,
				B9D3F102246E4C440039F662 /* TodoListView.swift */,
			);
			path = Views;
			sourceTree = "<group>";
		};
		B9D3F0FF246E4B0F0039F662 /* State */ = {
			isa = PBXGroup;
			children = (
				B9D3F100246E4B2E0039F662 /* AppState.swift */,
				B9DBBD5A246EA7C8002A5571 /* Priority+Label.swift */,
				B93D0FD7246F653D00796879 /* TodoViewModel.swift */,
			);
			path = State;
			sourceTree = "<group>";
		};
		C75D9DD619924577D999ABB5 /* Frameworks */ = {
			isa = PBXGroup;
			children = (
				EA718BC6909C32F787A7DE51 /* Pods_TodoAmplify.framework */,
			);
			name = Frameworks;
			sourceTree = "<group>";
		};
/* End PBXGroup section */

/* Begin PBXNativeTarget section */
		B9D3F0E3246DFAEC0039F662 /* TodoAmplify */ = {
			isa = PBXNativeTarget;
			buildConfigurationList = B9D3F0F8246DFAEF0039F662 /* Build configuration list for PBXNativeTarget "TodoAmplify" */;
			buildPhases = (
				3390B6C7894F59275A23012A /* [CP] Check Pods Manifest.lock */,
				B9D3F0FB246DFE650039F662 /* Amplify Tools */,
				B9D3F0FC246E0BA70039F662 /* SwiftFormat */,
				B9D3F0E0246DFAEC0039F662 /* Sources */,
				B9D3F0E1246DFAEC0039F662 /* Frameworks */,
				B9D3F0E2246DFAEC0039F662 /* Resources */,
				33A8BD38CE29737097D1CBF2 /* [CP] Embed Pods Frameworks */,
			);
			buildRules = (
			);
			dependencies = (
			);
			name = TodoAmplify;
			productName = TodoAmplify;
			productReference = B9D3F0E4246DFAED0039F662 /* TodoAmplify.app */;
			productType = "com.apple.product-type.application";
		};
/* End PBXNativeTarget section */

/* Begin PBXProject section */
		B9D3F0DC246DFAEC0039F662 /* Project object */ = {
			isa = PBXProject;
			attributes = {
				LastSwiftUpdateCheck = 1130;
				LastUpgradeCheck = 1130;
				ORGANIZATIONNAME = "Amazon Web Services";
				TargetAttributes = {
					B9D3F0E3246DFAEC0039F662 = {
						CreatedOnToolsVersion = 11.3.1;
					};
				};
			};
			buildConfigurationList = B9D3F0DF246DFAEC0039F662 /* Build configuration list for PBXProject "TodoAmplify" */;
			compatibilityVersion = "Xcode 9.3";
			developmentRegion = en;
			hasScannedForEncodings = 0;
			knownRegions = (
				en,
				Base,
			);
			mainGroup = B9D3F0DB246DFAEC0039F662;
			productRefGroup = B9D3F0E5246DFAED0039F662 /* Products */;
			projectDirPath = "";
			projectRoot = "";
			targets = (
				B9D3F0E3246DFAEC0039F662 /* TodoAmplify */,
			);
		};
/* End PBXProject section */

/* Begin PBXResourcesBuildPhase section */
		B9D3F0E2246DFAEC0039F662 /* Resources */ = {
			isa = PBXResourcesBuildPhase;
			buildActionMask = 2147483647;
			files = (
				B9D3F0F4246DFAEF0039F662 /* LaunchScreen.storyboard in Resources */,
				B9D3F0F1246DFAEE0039F662 /* Preview Assets.xcassets in Resources */,
				B9D3F0EE246DFAEE0039F662 /* Assets.xcassets in Resources */,
				67E8F23E0DCA455ABC357FAA /* amplifyconfiguration.json in Resources */,
				B03D18BBD32644FCB473BC22 /* awsconfiguration.json in Resources */,
			);
			runOnlyForDeploymentPostprocessing = 0;
		};
/* End PBXResourcesBuildPhase section */

/* Begin PBXShellScriptBuildPhase section */
		3390B6C7894F59275A23012A /* [CP] Check Pods Manifest.lock */ = {
			isa = PBXShellScriptBuildPhase;
			buildActionMask = 2147483647;
			files = (
			);
			inputFileListPaths = (
			);
			inputPaths = (
				"${PODS_PODFILE_DIR_PATH}/Podfile.lock",
				"${PODS_ROOT}/Manifest.lock",
			);
			name = "[CP] Check Pods Manifest.lock";
			outputFileListPaths = (
			);
			outputPaths = (
				"$(DERIVED_FILE_DIR)/Pods-TodoAmplify-checkManifestLockResult.txt",
			);
			runOnlyForDeploymentPostprocessing = 0;
			shellPath = /bin/sh;
			shellScript = "diff \"${PODS_PODFILE_DIR_PATH}/Podfile.lock\" \"${PODS_ROOT}/Manifest.lock\" > /dev/null\nif [ $? != 0 ] ; then\n    # print error to STDERR\n    echo \"error: The sandbox is not in sync with the Podfile.lock. Run 'pod install' or update your CocoaPods installation.\" >&2\n    exit 1\nfi\n# This output is used by Xcode 'outputs' to avoid re-running this script phase.\necho \"SUCCESS\" > \"${SCRIPT_OUTPUT_FILE_0}\"\n";
			showEnvVarsInLog = 0;
		};
		33A8BD38CE29737097D1CBF2 /* [CP] Embed Pods Frameworks */ = {
			isa = PBXShellScriptBuildPhase;
			buildActionMask = 2147483647;
			files = (
			);
			inputFileListPaths = (
				"${PODS_ROOT}/Target Support Files/Pods-TodoAmplify/Pods-TodoAmplify-frameworks-${CONFIGURATION}-input-files.xcfilelist",
			);
			name = "[CP] Embed Pods Frameworks";
			outputFileListPaths = (
				"${PODS_ROOT}/Target Support Files/Pods-TodoAmplify/Pods-TodoAmplify-frameworks-${CONFIGURATION}-output-files.xcfilelist",
			);
			runOnlyForDeploymentPostprocessing = 0;
			shellPath = /bin/sh;
			shellScript = "\"${PODS_ROOT}/Target Support Files/Pods-TodoAmplify/Pods-TodoAmplify-frameworks.sh\"\n";
			showEnvVarsInLog = 0;
		};
		B9D3F0FB246DFE650039F662 /* Amplify Tools */ = {
			isa = PBXShellScriptBuildPhase;
			buildActionMask = 2147483647;
			files = (
			);
			inputFileListPaths = (
			);
			inputPaths = (
			);
			name = "Amplify Tools";
			outputFileListPaths = (
			);
			outputPaths = (
			);
			runOnlyForDeploymentPostprocessing = 0;
			shellPath = /bin/sh;
			shellScript = "\"${PODS_ROOT}/AmplifyTools/amplify-tools.sh\"\n";
		};
		B9D3F0FC246E0BA70039F662 /* SwiftFormat */ = {
			isa = PBXShellScriptBuildPhase;
			buildActionMask = 2147483647;
			files = (
			);
			inputFileListPaths = (
			);
			inputPaths = (
			);
			name = SwiftFormat;
			outputFileListPaths = (
			);
			outputPaths = (
			);
			runOnlyForDeploymentPostprocessing = 0;
			shellPath = /bin/sh;
			shellScript = "\"${PODS_ROOT}/SwiftFormat/CommandLineTool/swiftformat\" \"$SRCROOT\"\n";
		};
/* End PBXShellScriptBuildPhase section */

/* Begin PBXSourcesBuildPhase section */
		B9D3F0E0246DFAEC0039F662 /* Sources */ = {
			isa = PBXSourcesBuildPhase;
			buildActionMask = 2147483647;
			files = (
				B93D0FD8246F653D00796879 /* TodoViewModel.swift in Sources */,
				B9D3F0E8246DFAED0039F662 /* AppDelegate.swift in Sources */,
				B9DBBD5B246EA7C8002A5571 /* Priority+Label.swift in Sources */,
				B9D3F0EA246DFAED0039F662 /* SceneDelegate.swift in Sources */,
				B9D3F101246E4B2E0039F662 /* AppState.swift in Sources */,
				B9D3F103246E4C440039F662 /* TodoListView.swift in Sources */,
				B9DBBD59246E8B2C002A5571 /* TodoEditView.swift in Sources */,
				47E22E329454459593B1BAEF /* AmplifyModels.swift in Sources */,
				B9DBBD57246E6FCA002A5571 /* TodoItemView.swift in Sources */,
				B93D0FDB246F9F0300796879 /* DataLoader.swift in Sources */,
				C020556265C54E748EFD6FCD /* Priority.swift in Sources */,
				04AF36DF871F46BA8A4F6DD2 /* Todo.swift in Sources */,
				4549EB775AB54221B2E5BCF3 /* Todo+Schema.swift in Sources */,
			);
			runOnlyForDeploymentPostprocessing = 0;
		};
/* End PBXSourcesBuildPhase section */

/* Begin PBXVariantGroup section */
		B9D3F0F2246DFAEF0039F662 /* LaunchScreen.storyboard */ = {
			isa = PBXVariantGroup;
			children = (
				B9D3F0F3246DFAEF0039F662 /* Base */,
			);
			name = LaunchScreen.storyboard;
			sourceTree = "<group>";
		};
/* End PBXVariantGroup section */

/* Begin XCBuildConfiguration section */
		B9D3F0F6246DFAEF0039F662 /* Debug */ = {
			isa = XCBuildConfiguration;
			buildSettings = {
				ALWAYS_SEARCH_USER_PATHS = NO;
				CLANG_ANALYZER_NONNULL = YES;
				CLANG_ANALYZER_NUMBER_OBJECT_CONVERSION = YES_AGGRESSIVE;
				CLANG_CXX_LANGUAGE_STANDARD = "gnu++14";
				CLANG_CXX_LIBRARY = "libc++";
				CLANG_ENABLE_MODULES = YES;
				CLANG_ENABLE_OBJC_ARC = YES;
				CLANG_ENABLE_OBJC_WEAK = YES;
				CLANG_WARN_BLOCK_CAPTURE_AUTORELEASING = YES;
				CLANG_WARN_BOOL_CONVERSION = YES;
				CLANG_WARN_COMMA = YES;
				CLANG_WARN_CONSTANT_CONVERSION = YES;
				CLANG_WARN_DEPRECATED_OBJC_IMPLEMENTATIONS = YES;
				CLANG_WARN_DIRECT_OBJC_ISA_USAGE = YES_ERROR;
				CLANG_WARN_DOCUMENTATION_COMMENTS = YES;
				CLANG_WARN_EMPTY_BODY = YES;
				CLANG_WARN_ENUM_CONVERSION = YES;
				CLANG_WARN_INFINITE_RECURSION = YES;
				CLANG_WARN_INT_CONVERSION = YES;
				CLANG_WARN_NON_LITERAL_NULL_CONVERSION = YES;
				CLANG_WARN_OBJC_IMPLICIT_RETAIN_SELF = YES;
				CLANG_WARN_OBJC_LITERAL_CONVERSION = YES;
				CLANG_WARN_OBJC_ROOT_CLASS = YES_ERROR;
				CLANG_WARN_RANGE_LOOP_ANALYSIS = YES;
				CLANG_WARN_STRICT_PROTOTYPES = YES;
				CLANG_WARN_SUSPICIOUS_MOVE = YES;
				CLANG_WARN_UNGUARDED_AVAILABILITY = YES_AGGRESSIVE;
				CLANG_WARN_UNREACHABLE_CODE = YES;
				CLANG_WARN__DUPLICATE_METHOD_MATCH = YES;
				COPY_PHASE_STRIP = NO;
				DEBUG_INFORMATION_FORMAT = dwarf;
				ENABLE_STRICT_OBJC_MSGSEND = YES;
				ENABLE_TESTABILITY = YES;
				GCC_C_LANGUAGE_STANDARD = gnu11;
				GCC_DYNAMIC_NO_PIC = NO;
				GCC_NO_COMMON_BLOCKS = YES;
				GCC_OPTIMIZATION_LEVEL = 0;
				GCC_PREPROCESSOR_DEFINITIONS = (
					"DEBUG=1",
					"$(inherited)",
				);
				GCC_WARN_64_TO_32_BIT_CONVERSION = YES;
				GCC_WARN_ABOUT_RETURN_TYPE = YES_ERROR;
				GCC_WARN_UNDECLARED_SELECTOR = YES;
				GCC_WARN_UNINITIALIZED_AUTOS = YES_AGGRESSIVE;
				GCC_WARN_UNUSED_FUNCTION = YES;
				GCC_WARN_UNUSED_VARIABLE = YES;
				IPHONEOS_DEPLOYMENT_TARGET = 13.2;
				MTL_ENABLE_DEBUG_INFO = INCLUDE_SOURCE;
				MTL_FAST_MATH = YES;
				ONLY_ACTIVE_ARCH = YES;
				SDKROOT = iphoneos;
				SWIFT_ACTIVE_COMPILATION_CONDITIONS = DEBUG;
				SWIFT_OPTIMIZATION_LEVEL = "-Onone";
			};
			name = Debug;
		};
		B9D3F0F7246DFAEF0039F662 /* Release */ = {
			isa = XCBuildConfiguration;
			buildSettings = {
				ALWAYS_SEARCH_USER_PATHS = NO;
				CLANG_ANALYZER_NONNULL = YES;
				CLANG_ANALYZER_NUMBER_OBJECT_CONVERSION = YES_AGGRESSIVE;
				CLANG_CXX_LANGUAGE_STANDARD = "gnu++14";
				CLANG_CXX_LIBRARY = "libc++";
				CLANG_ENABLE_MODULES = YES;
				CLANG_ENABLE_OBJC_ARC = YES;
				CLANG_ENABLE_OBJC_WEAK = YES;
				CLANG_WARN_BLOCK_CAPTURE_AUTORELEASING = YES;
				CLANG_WARN_BOOL_CONVERSION = YES;
				CLANG_WARN_COMMA = YES;
				CLANG_WARN_CONSTANT_CONVERSION = YES;
				CLANG_WARN_DEPRECATED_OBJC_IMPLEMENTATIONS = YES;
				CLANG_WARN_DIRECT_OBJC_ISA_USAGE = YES_ERROR;
				CLANG_WARN_DOCUMENTATION_COMMENTS = YES;
				CLANG_WARN_EMPTY_BODY = YES;
				CLANG_WARN_ENUM_CONVERSION = YES;
				CLANG_WARN_INFINITE_RECURSION = YES;
				CLANG_WARN_INT_CONVERSION = YES;
				CLANG_WARN_NON_LITERAL_NULL_CONVERSION = YES;
				CLANG_WARN_OBJC_IMPLICIT_RETAIN_SELF = YES;
				CLANG_WARN_OBJC_LITERAL_CONVERSION = YES;
				CLANG_WARN_OBJC_ROOT_CLASS = YES_ERROR;
				CLANG_WARN_RANGE_LOOP_ANALYSIS = YES;
				CLANG_WARN_STRICT_PROTOTYPES = YES;
				CLANG_WARN_SUSPICIOUS_MOVE = YES;
				CLANG_WARN_UNGUARDED_AVAILABILITY = YES_AGGRESSIVE;
				CLANG_WARN_UNREACHABLE_CODE = YES;
				CLANG_WARN__DUPLICATE_METHOD_MATCH = YES;
				COPY_PHASE_STRIP = NO;
				DEBUG_INFORMATION_FORMAT = "dwarf-with-dsym";
				ENABLE_NS_ASSERTIONS = NO;
				ENABLE_STRICT_OBJC_MSGSEND = YES;
				GCC_C_LANGUAGE_STANDARD = gnu11;
				GCC_NO_COMMON_BLOCKS = YES;
				GCC_WARN_64_TO_32_BIT_CONVERSION = YES;
				GCC_WARN_ABOUT_RETURN_TYPE = YES_ERROR;
				GCC_WARN_UNDECLARED_SELECTOR = YES;
				GCC_WARN_UNINITIALIZED_AUTOS = YES_AGGRESSIVE;
				GCC_WARN_UNUSED_FUNCTION = YES;
				GCC_WARN_UNUSED_VARIABLE = YES;
				IPHONEOS_DEPLOYMENT_TARGET = 13.2;
				MTL_ENABLE_DEBUG_INFO = NO;
				MTL_FAST_MATH = YES;
				SDKROOT = iphoneos;
				SWIFT_COMPILATION_MODE = wholemodule;
				SWIFT_OPTIMIZATION_LEVEL = "-O";
				VALIDATE_PRODUCT = YES;
			};
			name = Release;
		};
		B9D3F0F9246DFAEF0039F662 /* Debug */ = {
			isa = XCBuildConfiguration;
			baseConfigurationReference = 4702CC5A04694CBF963E2C42 /* Pods-TodoAmplify.debug.xcconfig */;
			buildSettings = {
				ASSETCATALOG_COMPILER_APPICON_NAME = AppIcon;
				CODE_SIGN_STYLE = Automatic;
				DEVELOPMENT_ASSET_PATHS = "\"TodoAmplify/Preview Content\"";
				DEVELOPMENT_TEAM = W3DRXD72QU;
				ENABLE_PREVIEWS = YES;
				INFOPLIST_FILE = TodoAmplify/Info.plist;
				LD_RUNPATH_SEARCH_PATHS = (
					"$(inherited)",
					"@executable_path/Frameworks",
				);
				PRODUCT_BUNDLE_IDENTIFIER = com.amazonaws.TodoAmplify;
				PRODUCT_NAME = "$(TARGET_NAME)";
				SWIFT_VERSION = 5.0;
				TARGETED_DEVICE_FAMILY = "1,2";
			};
			name = Debug;
		};
		B9D3F0FA246DFAEF0039F662 /* Release */ = {
			isa = XCBuildConfiguration;
			baseConfigurationReference = 3B0A2681D34B2482FEA7ECBD /* Pods-TodoAmplify.release.xcconfig */;
			buildSettings = {
				ASSETCATALOG_COMPILER_APPICON_NAME = AppIcon;
				CODE_SIGN_STYLE = Automatic;
				DEVELOPMENT_ASSET_PATHS = "\"TodoAmplify/Preview Content\"";
				DEVELOPMENT_TEAM = W3DRXD72QU;
				ENABLE_PREVIEWS = YES;
				INFOPLIST_FILE = TodoAmplify/Info.plist;
				LD_RUNPATH_SEARCH_PATHS = (
					"$(inherited)",
					"@executable_path/Frameworks",
				);
				PRODUCT_BUNDLE_IDENTIFIER = com.amazonaws.TodoAmplify;
				PRODUCT_NAME = "$(TARGET_NAME)";
				SWIFT_VERSION = 5.0;
				TARGETED_DEVICE_FAMILY = "1,2";
			};
			name = Release;
		};
/* End XCBuildConfiguration section */

/* Begin XCConfigurationList section */
		B9D3F0DF246DFAEC0039F662 /* Build configuration list for PBXProject "TodoAmplify" */ = {
			isa = XCConfigurationList;
			buildConfigurations = (
				B9D3F0F6246DFAEF0039F662 /* Debug */,
				B9D3F0F7246DFAEF0039F662 /* Release */,
			);
			defaultConfigurationIsVisible = 0;
			defaultConfigurationName = Release;
		};
		B9D3F0F8246DFAEF0039F662 /* Build configuration list for PBXNativeTarget "TodoAmplify" */ = {
			isa = XCConfigurationList;
			buildConfigurations = (
				B9D3F0F9246DFAEF0039F662 /* Debug */,
				B9D3F0FA246DFAEF0039F662 /* Release */,
			);
			defaultConfigurationIsVisible = 0;
			defaultConfigurationName = Release;
		};
/* End XCConfigurationList section */
	};
	rootObject = B9D3F0DC246DFAEC0039F662 /* Project object */;
}
